
Microsoft Visual Studio Solution File, Format Version 12.00
# Visual Studio Version 16
VisualStudioVersion = 16.0.30225.117
MinimumVisualStudioVersion = 10.0.40219.1
Project("{FAE04EC0-301F-11D3-BF4B-00C04F79EFBC}") = "QuanLyQuanCafe", "QuanLyQuanCafe\QuanLyQuanCafe.csproj", "{762F953B-3467-4D86-A641-B540425FA23D}"
EndProject
Project("{840C416C-B8F3-42BC-B0DD-F6BB14C9F8CB}") = "Coffee Shop Management", "Coffee Shop Management\Coffee Shop Management.aiproj", "{167A69B5-E05F-4993-83CB-89D3BF36265C}"
EndProject
Global
	GlobalSection(SolutionConfigurationPlatforms) = preSolution
		All|Any CPU = All|Any CPU
		Debug|Any CPU = Debug|Any CPU
		Release|Any CPU = Release|Any CPU
	EndGlobalSection
	GlobalSection(ProjectConfigurationPlatforms) = postSolution
		{762F953B-3467-4D86-A641-B540425FA23D}.All|Any CPU.ActiveCfg = Release|Any CPU
		{762F953B-3467-4D86-A641-B540425FA23D}.All|Any CPU.Build.0 = Release|Any CPU
		{762F953B-3467-4D86-A641-B540425FA23D}.Debug|Any CPU.ActiveCfg = Debug|Any CPU
		{762F953B-3467-4D86-A641-B540425FA23D}.Debug|Any CPU.Build.0 = Debug|Any CPU
		{762F953B-3467-4D86-A641-B540425FA23D}.Release|Any CPU.ActiveCfg = Release|Any CPU
		{762F953B-3467-4D86-A641-B540425FA23D}.Release|Any CPU.Build.0 = Release|Any CPU
		{167A69B5-E05F-4993-83CB-89D3BF36265C}.All|Any CPU.ActiveCfg = DefaultBuild
		{167A69B5-E05F-4993-83CB-89D3BF36265C}.Debug|Any CPU.ActiveCfg = DefaultBuild
		{167A69B5-E05F-4993-83CB-89D3BF36265C}.Release|Any CPU.ActiveCfg = DefaultBuild
	EndGlobalSection
	GlobalSection(SolutionProperties) = preSolution
		HideSolutionNode = FALSE
	EndGlobalSection
	GlobalSection(ExtensibilityGlobals) = postSolution
		SolutionGuid = {EC5BE99F-4621-4210-AD55-EA71C2EEDFC3}
	EndGlobalSection
EndGlobal
